
Microsoft Visual Studio Solution File, Format Version 11.00
# Visual Studio 2010
Project("{FAE04EC0-301F-11D3-BF4B-00C04F79EFBC}") = "Assembly-CSharp", "Assembly-CSharp.csproj", "{B543E12E-7D1C-225D-DF8B-EF6F1B6B1618}"
EndProject
Global
	GlobalSection(SolutionConfigurationPlatforms) = preSolution
		Debug|Any CPU = Debug|Any CPU
		Release|Any CPU = Release|Any CPU
	EndGlobalSection
	GlobalSection(ProjectConfigurationPlatforms) = postSolution
		{B543E12E-7D1C-225D-DF8B-EF6F1B6B1618}.Debug|Any CPU.ActiveCfg = Debug|Any CPU
		{B543E12E-7D1C-225D-DF8B-EF6F1B6B1618}.Debug|Any CPU.Build.0 = Debug|Any CPU
		{B543E12E-7D1C-225D-DF8B-EF6F1B6B1618}.Release|Any CPU.ActiveCfg = Release|Any CPU
		{B543E12E-7D1C-225D-DF8B-EF6F1B6B1618}.Release|Any CPU.Build.0 = Release|Any CPU
	EndGlobalSection
	GlobalSection(SolutionProperties) = preSolution
		HideSolutionNode = FALSE
	EndGlobalSection
EndGlobal
